
Microsoft Visual Studio Solution File, Format Version 12.00
# Visual Studio 15
VisualStudioVersion = 15.0.28307.2017
MinimumVisualStudioVersion = 10.0.40219.1
Project("{FAE04EC0-301F-11D3-BF4B-00C04F79EFBC}") = "SeleniumProject", "SeleniumProject\SeleniumProject.csproj", "{C3FE163E-272B-467A-A95E-745838FD649A}"
EndProject
Global
	GlobalSection(SolutionConfigurationPlatforms) = preSolution
		Debug|Any CPU = Debug|Any CPU
		Release|Any CPU = Release|Any CPU
	EndGlobalSection
	GlobalSection(ProjectConfigurationPlatforms) = postSolution
		{C3FE163E-272B-467A-A95E-745838FD649A}.Debug|Any CPU.ActiveCfg = Debug|Any CPU
		{C3FE163E-272B-467A-A95E-745838FD649A}.Debug|Any CPU.Build.0 = Debug|Any CPU
		{C3FE163E-272B-467A-A95E-745838FD649A}.Release|Any CPU.ActiveCfg = Release|Any CPU
		{C3FE163E-272B-467A-A95E-745838FD649A}.Release|Any CPU.Build.0 = Release|Any CPU
	EndGlobalSection
	GlobalSection(SolutionProperties) = preSolution
		HideSolutionNode = FALSE
	EndGlobalSection
	GlobalSection(ExtensibilityGlobals) = postSolution
		SolutionGuid = {9D2FB8E9-7D44-48F8-9F8B-8489EA1A4257}
	EndGlobalSection
EndGlobal
